
Microsoft Visual Studio Solution File, Format Version 12.00
# Visual Studio Version 17
VisualStudioVersion = 17.2.32630.192
MinimumVisualStudioVersion = 10.0.40219.1
Project("{FAE04EC0-301F-11D3-BF4B-00C04F79EFBC}") = "GrpcCalcService", "GrpcCalcService\GrpcCalcService.csproj", "{3317A264-FE19-491F-BD10-D84DC9440DAB}"
EndProject
Global
	GlobalSection(SolutionConfigurationPlatforms) = preSolution
		Debug|Any CPU = Debug|Any CPU
		Release|Any CPU = Release|Any CPU
	EndGlobalSection
	GlobalSection(ProjectConfigurationPlatforms) = postSolution
		{3317A264-FE19-491F-BD10-D84DC9440DAB}.Debug|Any CPU.ActiveCfg = Debug|Any CPU
		{3317A264-FE19-491F-BD10-D84DC9440DAB}.Debug|Any CPU.Build.0 = Debug|Any CPU
		{3317A264-FE19-491F-BD10-D84DC9440DAB}.Release|Any CPU.ActiveCfg = Release|Any CPU
		{3317A264-FE19-491F-BD10-D84DC9440DAB}.Release|Any CPU.Build.0 = Release|Any CPU
	EndGlobalSection
	GlobalSection(SolutionProperties) = preSolution
		HideSolutionNode = FALSE
	EndGlobalSection
	GlobalSection(ExtensibilityGlobals) = postSolution
		SolutionGuid = {2B35584D-BACF-4581-8780-43D84DBE38B5}
	EndGlobalSection
EndGlobal
